// !$*UTF8*$!
{
	archiveVersion = 1;
	classes = {
	};
	objectVersion = 56;
	objects = {

/* Begin PBXBuildFile section */
		1A32D63629316158003BC189 /* MovieSearchApp.swift in Sources */ = {isa = PBXBuildFile; fileRef = 1A32D63529316158003BC189 /* MovieSearchApp.swift */; };
		1A32D63829316158003BC189 /* ContentView.swift in Sources */ = {isa = PBXBuildFile; fileRef = 1A32D63729316158003BC189 /* ContentView.swift */; };
		1A32D63A2931615B003BC189 /* Assets.xcassets in Resources */ = {isa = PBXBuildFile; fileRef = 1A32D6392931615B003BC189 /* Assets.xcassets */; };
		1A32D63D2931615B003BC189 /* Preview Assets.xcassets in Resources */ = {isa = PBXBuildFile; fileRef = 1A32D63C2931615B003BC189 /* Preview Assets.xcassets */; };
		1A32D6472931615B003BC189 /* MovieSearchTests.swift in Sources */ = {isa = PBXBuildFile; fileRef = 1A32D6462931615B003BC189 /* MovieSearchTests.swift */; };
		1A32D6512931615B003BC189 /* MovieSearchUITests.swift in Sources */ = {isa = PBXBuildFile; fileRef = 1A32D6502931615B003BC189 /* MovieSearchUITests.swift */; };
		1A32D6532931615B003BC189 /* MovieSearchUITestsLaunchTests.swift in Sources */ = {isa = PBXBuildFile; fileRef = 1A32D6522931615B003BC189 /* MovieSearchUITestsLaunchTests.swift */; };
		1A32D6602932ABDE003BC189 /* MovieListViewModel.swift in Sources */ = {isa = PBXBuildFile; fileRef = 1A32D65F2932ABDE003BC189 /* MovieListViewModel.swift */; };
		1A32D6632932AEBF003BC189 /* Movie.swift in Sources */ = {isa = PBXBuildFile; fileRef = 1A32D6622932AEBF003BC189 /* Movie.swift */; };
		1A32D6662932AFD3003BC189 /* APIService.swift in Sources */ = {isa = PBXBuildFile; fileRef = 1A32D6652932AFD3003BC189 /* APIService.swift */; };
		1A32D6682932B031003BC189 /* APIConstants.swift in Sources */ = {isa = PBXBuildFile; fileRef = 1A32D6672932B031003BC189 /* APIConstants.swift */; };
		1A32D66F2932E5B2003BC189 /* MovieListView.swift in Sources */ = {isa = PBXBuildFile; fileRef = 1A32D66E2932E5B2003BC189 /* MovieListView.swift */; };
		1A32D6722933B857003BC189 /* MovieDetailViewModel.swift in Sources */ = {isa = PBXBuildFile; fileRef = 1A32D6712933B857003BC189 /* MovieDetailViewModel.swift */; };
		1A32D6742933BD28003BC189 /* MovieRow.swift in Sources */ = {isa = PBXBuildFile; fileRef = 1A32D6732933BD28003BC189 /* MovieRow.swift */; };
		1A32D6762933BDA1003BC189 /* MovieDetailView.swift in Sources */ = {isa = PBXBuildFile; fileRef = 1A32D6752933BDA1003BC189 /* MovieDetailView.swift */; };
		1A32D6782934341A003BC189 /* MovieResult.swift in Sources */ = {isa = PBXBuildFile; fileRef = 1A32D6772934341A003BC189 /* MovieResult.swift */; };
		1A32D67A2934343B003BC189 /* MovieDetail.swift in Sources */ = {isa = PBXBuildFile; fileRef = 1A32D6792934343B003BC189 /* MovieDetail.swift */; };
		1A32D67E29343DE8003BC189 /* MockMovieDetailViewModel.swift in Sources */ = {isa = PBXBuildFile; fileRef = 1A32D67D29343DE7003BC189 /* MockMovieDetailViewModel.swift */; };
		1A32D68029343E33003BC189 /* MockMovieSearchViewModel.swift in Sources */ = {isa = PBXBuildFile; fileRef = 1A32D67F29343E33003BC189 /* MockMovieSearchViewModel.swift */; };
		1A32D6832934735E003BC189 /* InternetConnectionManager.swift in Sources */ = {isa = PBXBuildFile; fileRef = 1A32D6822934735E003BC189 /* InternetConnectionManager.swift */; };
/* End PBXBuildFile section */

/* Begin PBXContainerItemProxy section */
		1A32D6432931615B003BC189 /* PBXContainerItemProxy */ = {
			isa = PBXContainerItemProxy;
			containerPortal = 1A32D62A29316158003BC189 /* Project object */;
			proxyType = 1;
			remoteGlobalIDString = 1A32D63129316158003BC189;
			remoteInfo = MovieSearch;
		};
		1A32D64D2931615B003BC189 /* PBXContainerItemProxy */ = {
			isa = PBXContainerItemProxy;
			containerPortal = 1A32D62A29316158003BC189 /* Project object */;
			proxyType = 1;
			remoteGlobalIDString = 1A32D63129316158003BC189;
			remoteInfo = MovieSearch;
		};
/* End PBXContainerItemProxy section */

/* Begin PBXFileReference section */
		1A32D63229316158003BC189 /* MovieSearch.app */ = {isa = PBXFileReference; explicitFileType = wrapper.application; includeInIndex = 0; path = MovieSearch.app; sourceTree = BUILT_PRODUCTS_DIR; };
		1A32D63529316158003BC189 /* MovieSearchApp.swift */ = {isa = PBXFileReference; lastKnownFileType = sourcecode.swift; path = MovieSearchApp.swift; sourceTree = "<group>"; };
		1A32D63729316158003BC189 /* ContentView.swift */ = {isa = PBXFileReference; lastKnownFileType = sourcecode.swift; path = ContentView.swift; sourceTree = "<group>"; };
		1A32D6392931615B003BC189 /* Assets.xcassets */ = {isa = PBXFileReference; lastKnownFileType = folder.assetcatalog; path = Assets.xcassets; sourceTree = "<group>"; };
		1A32D63C2931615B003BC189 /* Preview Assets.xcassets */ = {isa = PBXFileReference; lastKnownFileType = folder.assetcatalog; path = "Preview Assets.xcassets"; sourceTree = "<group>"; };
		1A32D6422931615B003BC189 /* MovieSearchTests.xctest */ = {isa = PBXFileReference; explicitFileType = wrapper.cfbundle; includeInIndex = 0; path = MovieSearchTests.xctest; sourceTree = BUILT_PRODUCTS_DIR; };
		1A32D6462931615B003BC189 /* MovieSearchTests.swift */ = {isa = PBXFileReference; lastKnownFileType = sourcecode.swift; path = MovieSearchTests.swift; sourceTree = "<group>"; };
		1A32D64C2931615B003BC189 /* MovieSearchUITests.xctest */ = {isa = PBXFileReference; explicitFileType = wrapper.cfbundle; includeInIndex = 0; path = MovieSearchUITests.xctest; sourceTree = BUILT_PRODUCTS_DIR; };
		1A32D6502931615B003BC189 /* MovieSearchUITests.swift */ = {isa = PBXFileReference; lastKnownFileType = sourcecode.swift; path = MovieSearchUITests.swift; sourceTree = "<group>"; };
		1A32D6522931615B003BC189 /* MovieSearchUITestsLaunchTests.swift */ = {isa = PBXFileReference; lastKnownFileType = sourcecode.swift; path = MovieSearchUITestsLaunchTests.swift; sourceTree = "<group>"; };
		1A32D65F2932ABDE003BC189 /* MovieListViewModel.swift */ = {isa = PBXFileReference; lastKnownFileType = sourcecode.swift; path = MovieListViewModel.swift; sourceTree = "<group>"; };
		1A32D6622932AEBF003BC189 /* Movie.swift */ = {isa = PBXFileReference; lastKnownFileType = sourcecode.swift; path = Movie.swift; sourceTree = "<group>"; };
		1A32D6652932AFD3003BC189 /* APIService.swift */ = {isa = PBXFileReference; lastKnownFileType = sourcecode.swift; path = APIService.swift; sourceTree = "<group>"; };
		1A32D6672932B031003BC189 /* APIConstants.swift */ = {isa = PBXFileReference; lastKnownFileType = sourcecode.swift; path = APIConstants.swift; sourceTree = "<group>"; };
		1A32D66E2932E5B2003BC189 /* MovieListView.swift */ = {isa = PBXFileReference; lastKnownFileType = sourcecode.swift; path = MovieListView.swift; sourceTree = "<group>"; };
		1A32D6712933B857003BC189 /* MovieDetailViewModel.swift */ = {isa = PBXFileReference; lastKnownFileType = sourcecode.swift; path = MovieDetailViewModel.swift; sourceTree = "<group>"; };
		1A32D6732933BD28003BC189 /* MovieRow.swift */ = {isa = PBXFileReference; lastKnownFileType = sourcecode.swift; path = MovieRow.swift; sourceTree = "<group>"; };
		1A32D6752933BDA1003BC189 /* MovieDetailView.swift */ = {isa = PBXFileReference; lastKnownFileType = sourcecode.swift; path = MovieDetailView.swift; sourceTree = "<group>"; };
		1A32D6772934341A003BC189 /* MovieResult.swift */ = {isa = PBXFileReference; lastKnownFileType = sourcecode.swift; path = MovieResult.swift; sourceTree = "<group>"; };
		1A32D6792934343B003BC189 /* MovieDetail.swift */ = {isa = PBXFileReference; lastKnownFileType = sourcecode.swift; path = MovieDetail.swift; sourceTree = "<group>"; };
		1A32D67D29343DE7003BC189 /* MockMovieDetailViewModel.swift */ = {isa = PBXFileReference; lastKnownFileType = sourcecode.swift; path = MockMovieDetailViewModel.swift; sourceTree = "<group>"; };
		1A32D67F29343E33003BC189 /* MockMovieSearchViewModel.swift */ = {isa = PBXFileReference; lastKnownFileType = sourcecode.swift; path = MockMovieSearchViewModel.swift; sourceTree = "<group>"; };
		1A32D6822934735E003BC189 /* InternetConnectionManager.swift */ = {isa = PBXFileReference; lastKnownFileType = sourcecode.swift; path = InternetConnectionManager.swift; sourceTree = "<group>"; };
/* End PBXFileReference section */

/* Begin PBXFrameworksBuildPhase section */
		1A32D62F29316158003BC189 /* Frameworks */ = {
			isa = PBXFrameworksBuildPhase;
			buildActionMask = 2147483647;
			files = (
			);
			runOnlyForDeploymentPostprocessing = 0;
		};
		1A32D63F2931615B003BC189 /* Frameworks */ = {
			isa = PBXFrameworksBuildPhase;
			buildActionMask = 2147483647;
			files = (
			);
			runOnlyForDeploymentPostprocessing = 0;
		};
		1A32D6492931615B003BC189 /* Frameworks */ = {
			isa = PBXFrameworksBuildPhase;
			buildActionMask = 2147483647;
			files = (
			);
			runOnlyForDeploymentPostprocessing = 0;
		};
/* End PBXFrameworksBuildPhase section */

/* Begin PBXGroup section */
		1A32D62929316158003BC189 = {
			isa = PBXGroup;
			children = (
				1A32D63429316158003BC189 /* MovieSearch */,
				1A32D6452931615B003BC189 /* MovieSearchTests */,
				1A32D64F2931615B003BC189 /* MovieSearchUITests */,
				1A32D63329316158003BC189 /* Products */,
			);
			sourceTree = "<group>";
		};
		1A32D63329316158003BC189 /* Products */ = {
			isa = PBXGroup;
			children = (
				1A32D63229316158003BC189 /* MovieSearch.app */,
				1A32D6422931615B003BC189 /* MovieSearchTests.xctest */,
				1A32D64C2931615B003BC189 /* MovieSearchUITests.xctest */,
			);
			name = Products;
			sourceTree = "<group>";
		};
		1A32D63429316158003BC189 /* MovieSearch */ = {
			isa = PBXGroup;
			children = (
				1A32D6812934734F003BC189 /* Helper */,
				1A32D6702933B80C003BC189 /* ViewModel */,
				1A32D6692932C482003BC189 /* View */,
				1A32D6642932AFC2003BC189 /* Networking */,
				1A32D6612932AEB5003BC189 /* Model */,
				1A32D63529316158003BC189 /* MovieSearchApp.swift */,
				1A32D6392931615B003BC189 /* Assets.xcassets */,
				1A32D63B2931615B003BC189 /* Preview Content */,
			);
			path = MovieSearch;
			sourceTree = "<group>";
		};
		1A32D63B2931615B003BC189 /* Preview Content */ = {
			isa = PBXGroup;
			children = (
				1A32D63C2931615B003BC189 /* Preview Assets.xcassets */,
			);
			path = "Preview Content";
			sourceTree = "<group>";
		};
		1A32D6452931615B003BC189 /* MovieSearchTests */ = {
			isa = PBXGroup;
			children = (
				1A32D6462931615B003BC189 /* MovieSearchTests.swift */,
			);
			path = MovieSearchTests;
			sourceTree = "<group>";
		};
		1A32D64F2931615B003BC189 /* MovieSearchUITests */ = {
			isa = PBXGroup;
			children = (
				1A32D6502931615B003BC189 /* MovieSearchUITests.swift */,
				1A32D6522931615B003BC189 /* MovieSearchUITestsLaunchTests.swift */,
			);
			path = MovieSearchUITests;
			sourceTree = "<group>";
		};
		1A32D6612932AEB5003BC189 /* Model */ = {
			isa = PBXGroup;
			children = (
				1A32D6622932AEBF003BC189 /* Movie.swift */,
				1A32D6772934341A003BC189 /* MovieResult.swift */,
				1A32D6792934343B003BC189 /* MovieDetail.swift */,
			);
			path = Model;
			sourceTree = "<group>";
		};
		1A32D6642932AFC2003BC189 /* Networking */ = {
			isa = PBXGroup;
			children = (
				1A32D6652932AFD3003BC189 /* APIService.swift */,
				1A32D6672932B031003BC189 /* APIConstants.swift */,
			);
			path = Networking;
			sourceTree = "<group>";
		};
		1A32D6692932C482003BC189 /* View */ = {
			isa = PBXGroup;
			children = (
				1A32D66E2932E5B2003BC189 /* MovieListView.swift */,
				1A32D6732933BD28003BC189 /* MovieRow.swift */,
				1A32D6752933BDA1003BC189 /* MovieDetailView.swift */,
				1A32D63729316158003BC189 /* ContentView.swift */,
			);
			path = View;
			sourceTree = "<group>";
		};
		1A32D6702933B80C003BC189 /* ViewModel */ = {
			isa = PBXGroup;
			children = (
				1A32D65F2932ABDE003BC189 /* MovieListViewModel.swift */,
				1A32D6712933B857003BC189 /* MovieDetailViewModel.swift */,
				1A32D67D29343DE7003BC189 /* MockMovieDetailViewModel.swift */,
				1A32D67F29343E33003BC189 /* MockMovieSearchViewModel.swift */,
			);
			path = ViewModel;
			sourceTree = "<group>";
		};
		1A32D6812934734F003BC189 /* Helper */ = {
			isa = PBXGroup;
			children = (
				1A32D6822934735E003BC189 /* InternetConnectionManager.swift */,
			);
			path = Helper;
			sourceTree = "<group>";
		};
/* End PBXGroup section */

/* Begin PBXNativeTarget section */
		1A32D63129316158003BC189 /* MovieSearch */ = {
			isa = PBXNativeTarget;
			buildConfigurationList = 1A32D6562931615B003BC189 /* Build configuration list for PBXNativeTarget "MovieSearch" */;
			buildPhases = (
				1A32D62E29316158003BC189 /* Sources */,
				1A32D62F29316158003BC189 /* Frameworks */,
				1A32D63029316158003BC189 /* Resources */,
			);
			buildRules = (
			);
			dependencies = (
			);
			name = MovieSearch;
			productName = MovieSearch;
			productReference = 1A32D63229316158003BC189 /* MovieSearch.app */;
			productType = "com.apple.product-type.application";
		};
		1A32D6412931615B003BC189 /* MovieSearchTests */ = {
			isa = PBXNativeTarget;
			buildConfigurationList = 1A32D6592931615B003BC189 /* Build configuration list for PBXNativeTarget "MovieSearchTests" */;
			buildPhases = (
				1A32D63E2931615B003BC189 /* Sources */,
				1A32D63F2931615B003BC189 /* Frameworks */,
				1A32D6402931615B003BC189 /* Resources */,
			);
			buildRules = (
			);
			dependencies = (
				1A32D6442931615B003BC189 /* PBXTargetDependency */,
			);
			name = MovieSearchTests;
			productName = MovieSearchTests;
			productReference = 1A32D6422931615B003BC189 /* MovieSearchTests.xctest */;
			productType = "com.apple.product-type.bundle.unit-test";
		};
		1A32D64B2931615B003BC189 /* MovieSearchUITests */ = {
			isa = PBXNativeTarget;
			buildConfigurationList = 1A32D65C2931615B003BC189 /* Build configuration list for PBXNativeTarget "MovieSearchUITests" */;
			buildPhases = (
				1A32D6482931615B003BC189 /* Sources */,
				1A32D6492931615B003BC189 /* Frameworks */,
				1A32D64A2931615B003BC189 /* Resources */,
			);
			buildRules = (
			);
			dependencies = (
				1A32D64E2931615B003BC189 /* PBXTargetDependency */,
			);
			name = MovieSearchUITests;
			productName = MovieSearchUITests;
			productReference = 1A32D64C2931615B003BC189 /* MovieSearchUITests.xctest */;
			productType = "com.apple.product-type.bundle.ui-testing";
		};
/* End PBXNativeTarget section */

/* Begin PBXProject section */
		1A32D62A29316158003BC189 /* Project object */ = {
			isa = PBXProject;
			attributes = {
				BuildIndependentTargetsInParallel = 1;
				LastSwiftUpdateCheck = 1410;
				LastUpgradeCheck = 1410;
				TargetAttributes = {
					1A32D63129316158003BC189 = {
						CreatedOnToolsVersion = 14.1;
					};
					1A32D6412931615B003BC189 = {
						CreatedOnToolsVersion = 14.1;
						TestTargetID = 1A32D63129316158003BC189;
					};
					1A32D64B2931615B003BC189 = {
						CreatedOnToolsVersion = 14.1;
						TestTargetID = 1A32D63129316158003BC189;
					};
				};
			};
			buildConfigurationList = 1A32D62D29316158003BC189 /* Build configuration list for PBXProject "MovieSearch" */;
			compatibilityVersion = "Xcode 14.0";
			developmentRegion = en;
			hasScannedForEncodings = 0;
			knownRegions = (
				en,
				Base,
			);
			mainGroup = 1A32D62929316158003BC189;
			productRefGroup = 1A32D63329316158003BC189 /* Products */;
			projectDirPath = "";
			projectRoot = "";
			targets = (
				1A32D63129316158003BC189 /* MovieSearch */,
				1A32D6412931615B003BC189 /* MovieSearchTests */,
				1A32D64B2931615B003BC189 /* MovieSearchUITests */,
			);
		};
/* End PBXProject section */

/* Begin PBXResourcesBuildPhase section */
		1A32D63029316158003BC189 /* Resources */ = {
			isa = PBXResourcesBuildPhase;
			buildActionMask = 2147483647;
			files = (
				1A32D63D2931615B003BC189 /* Preview Assets.xcassets in Resources */,
				1A32D63A2931615B003BC189 /* Assets.xcassets in Resources */,
			);
			runOnlyForDeploymentPostprocessing = 0;
		};
		1A32D6402931615B003BC189 /* Resources */ = {
			isa = PBXResourcesBuildPhase;
			buildActionMask = 2147483647;
			files = (
			);
			runOnlyForDeploymentPostprocessing = 0;
		};
		1A32D64A2931615B003BC189 /* Resources */ = {
			isa = PBXResourcesBuildPhase;
			buildActionMask = 2147483647;
			files = (
			);
			runOnlyForDeploymentPostprocessing = 0;
		};
/* End PBXResourcesBuildPhase section */

/* Begin PBXSourcesBuildPhase section */
		1A32D62E29316158003BC189 /* Sources */ = {
			isa = PBXSourcesBuildPhase;
			buildActionMask = 2147483647;
			files = (
				1A32D63829316158003BC189 /* ContentView.swift in Sources */,
				1A32D6782934341A003BC189 /* MovieResult.swift in Sources */,
				1A32D6742933BD28003BC189 /* MovieRow.swift in Sources */,
				1A32D67A2934343B003BC189 /* MovieDetail.swift in Sources */,
				1A32D6662932AFD3003BC189 /* APIService.swift in Sources */,
				1A32D6682932B031003BC189 /* APIConstants.swift in Sources */,
				1A32D63629316158003BC189 /* MovieSearchApp.swift in Sources */,
				1A32D68029343E33003BC189 /* MockMovieSearchViewModel.swift in Sources */,
				1A32D6832934735E003BC189 /* InternetConnectionManager.swift in Sources */,
				1A32D66F2932E5B2003BC189 /* MovieListView.swift in Sources */,
				1A32D6632932AEBF003BC189 /* Movie.swift in Sources */,
				1A32D6602932ABDE003BC189 /* MovieListViewModel.swift in Sources */,
				1A32D6722933B857003BC189 /* MovieDetailViewModel.swift in Sources */,
				1A32D67E29343DE8003BC189 /* MockMovieDetailViewModel.swift in Sources */,
				1A32D6762933BDA1003BC189 /* MovieDetailView.swift in Sources */,
			);
			runOnlyForDeploymentPostprocessing = 0;
		};
		1A32D63E2931615B003BC189 /* Sources */ = {
			isa = PBXSourcesBuildPhase;
			buildActionMask = 2147483647;
			files = (
				1A32D6472931615B003BC189 /* MovieSearchTests.swift in Sources */,
			);
			runOnlyForDeploymentPostprocessing = 0;
		};
		1A32D6482931615B003BC189 /* Sources */ = {
			isa = PBXSourcesBuildPhase;
			buildActionMask = 2147483647;
			files = (
				1A32D6512931615B003BC189 /* MovieSearchUITests.swift in Sources */,
				1A32D6532931615B003BC189 /* MovieSearchUITestsLaunchTests.swift in Sources */,
			);
			runOnlyForDeploymentPostprocessing = 0;
		};
/* End PBXSourcesBuildPhase section */

/* Begin PBXTargetDependency section */
		1A32D6442931615B003BC189 /* PBXTargetDependency */ = {
			isa = PBXTargetDependency;
			target = 1A32D63129316158003BC189 /* MovieSearch */;
			targetProxy = 1A32D6432931615B003BC189 /* PBXContainerItemProxy */;
		};
		1A32D64E2931615B003BC189 /* PBXTargetDependency */ = {
			isa = PBXTargetDependency;
			target = 1A32D63129316158003BC189 /* MovieSearch */;
			targetProxy = 1A32D64D2931615B003BC189 /* PBXContainerItemProxy */;
		};
/* End PBXTargetDependency section */

/* Begin XCBuildConfiguration section */
		1A32D6542931615B003BC189 /* Debug */ = {
			isa = XCBuildConfiguration;
			buildSettings = {
				ALWAYS_SEARCH_USER_PATHS = NO;
				CLANG_ANALYZER_NONNULL = YES;
				CLANG_ANALYZER_NUMBER_OBJECT_CONVERSION = YES_AGGRESSIVE;
				CLANG_CXX_LANGUAGE_STANDARD = "gnu++20";
				CLANG_ENABLE_MODULES = YES;
				CLANG_ENABLE_OBJC_ARC = YES;
				CLANG_ENABLE_OBJC_WEAK = YES;
				CLANG_WARN_BLOCK_CAPTURE_AUTORELEASING = YES;
				CLANG_WARN_BOOL_CONVERSION = YES;
				CLANG_WARN_COMMA = YES;
				CLANG_WARN_CONSTANT_CONVERSION = YES;
				CLANG_WARN_DEPRECATED_OBJC_IMPLEMENTATIONS = YES;
				CLANG_WARN_DIRECT_OBJC_ISA_USAGE = YES_ERROR;
				CLANG_WARN_DOCUMENTATION_COMMENTS = YES;
				CLANG_WARN_EMPTY_BODY = YES;
				CLANG_WARN_ENUM_CONVERSION = YES;
				CLANG_WARN_INFINITE_RECURSION = YES;
				CLANG_WARN_INT_CONVERSION = YES;
				CLANG_WARN_NON_LITERAL_NULL_CONVERSION = YES;
				CLANG_WARN_OBJC_IMPLICIT_RETAIN_SELF = YES;
				CLANG_WARN_OBJC_LITERAL_CONVERSION = YES;
				CLANG_WARN_OBJC_ROOT_CLASS = YES_ERROR;
				CLANG_WARN_QUOTED_INCLUDE_IN_FRAMEWORK_HEADER = YES;
				CLANG_WARN_RANGE_LOOP_ANALYSIS = YES;
				CLANG_WARN_STRICT_PROTOTYPES = YES;
				CLANG_WARN_SUSPICIOUS_MOVE = YES;
				CLANG_WARN_UNGUARDED_AVAILABILITY = YES_AGGRESSIVE;
				CLANG_WARN_UNREACHABLE_CODE = YES;
				CLANG_WARN__DUPLICATE_METHOD_MATCH = YES;
				COPY_PHASE_STRIP = NO;
				DEBUG_INFORMATION_FORMAT = dwarf;
				ENABLE_STRICT_OBJC_MSGSEND = YES;
				ENABLE_TESTABILITY = YES;
				GCC_C_LANGUAGE_STANDARD = gnu11;
				GCC_DYNAMIC_NO_PIC = NO;
				GCC_NO_COMMON_BLOCKS = YES;
				GCC_OPTIMIZATION_LEVEL = 0;
				GCC_PREPROCESSOR_DEFINITIONS = (
					"DEBUG=1",
					"$(inherited)",
				);
				GCC_WARN_64_TO_32_BIT_CONVERSION = YES;
				GCC_WARN_ABOUT_RETURN_TYPE = YES_ERROR;
				GCC_WARN_UNDECLARED_SELECTOR = YES;
				GCC_WARN_UNINITIALIZED_AUTOS = YES_AGGRESSIVE;
				GCC_WARN_UNUSED_FUNCTION = YES;
				GCC_WARN_UNUSED_VARIABLE = YES;
				IPHONEOS_DEPLOYMENT_TARGET = 16.1;
				MTL_ENABLE_DEBUG_INFO = INCLUDE_SOURCE;
				MTL_FAST_MATH = YES;
				ONLY_ACTIVE_ARCH = YES;
				SDKROOT = iphoneos;
				SWIFT_ACTIVE_COMPILATION_CONDITIONS = DEBUG;
				SWIFT_OPTIMIZATION_LEVEL = "-Onone";
			};
			name = Debug;
		};
		1A32D6552931615B003BC189 /* Release */ = {
			isa = XCBuildConfiguration;
			buildSettings = {
				ALWAYS_SEARCH_USER_PATHS = NO;
				CLANG_ANALYZER_NONNULL = YES;
				CLANG_ANALYZER_NUMBER_OBJECT_CONVERSION = YES_AGGRESSIVE;
				CLANG_CXX_LANGUAGE_STANDARD = "gnu++20";
				CLANG_ENABLE_MODULES = YES;
				CLANG_ENABLE_OBJC_ARC = YES;
				CLANG_ENABLE_OBJC_WEAK = YES;
				CLANG_WARN_BLOCK_CAPTURE_AUTORELEASING = YES;
				CLANG_WARN_BOOL_CONVERSION = YES;
				CLANG_WARN_COMMA = YES;
				CLANG_WARN_CONSTANT_CONVERSION = YES;
				CLANG_WARN_DEPRECATED_OBJC_IMPLEMENTATIONS = YES;
				CLANG_WARN_DIRECT_OBJC_ISA_USAGE = YES_ERROR;
				CLANG_WARN_DOCUMENTATION_COMMENTS = YES;
				CLANG_WARN_EMPTY_BODY = YES;
				CLANG_WARN_ENUM_CONVERSION = YES;
				CLANG_WARN_INFINITE_RECURSION = YES;
				CLANG_WARN_INT_CONVERSION = YES;
				CLANG_WARN_NON_LITERAL_NULL_CONVERSION = YES;
				CLANG_WARN_OBJC_IMPLICIT_RETAIN_SELF = YES;
				CLANG_WARN_OBJC_LITERAL_CONVERSION = YES;
				CLANG_WARN_OBJC_ROOT_CLASS = YES_ERROR;
				CLANG_WARN_QUOTED_INCLUDE_IN_FRAMEWORK_HEADER = YES;
				CLANG_WARN_RANGE_LOOP_ANALYSIS = YES;
				CLANG_WARN_STRICT_PROTOTYPES = YES;
				CLANG_WARN_SUSPICIOUS_MOVE = YES;
				CLANG_WARN_UNGUARDED_AVAILABILITY = YES_AGGRESSIVE;
				CLANG_WARN_UNREACHABLE_CODE = YES;
				CLANG_WARN__DUPLICATE_METHOD_MATCH = YES;
				COPY_PHASE_STRIP = NO;
				DEBUG_INFORMATION_FORMAT = "dwarf-with-dsym";
				ENABLE_NS_ASSERTIONS = NO;
				ENABLE_STRICT_OBJC_MSGSEND = YES;
				GCC_C_LANGUAGE_STANDARD = gnu11;
				GCC_NO_COMMON_BLOCKS = YES;
				GCC_WARN_64_TO_32_BIT_CONVERSION = YES;
				GCC_WARN_ABOUT_RETURN_TYPE = YES_ERROR;
				GCC_WARN_UNDECLARED_SELECTOR = YES;
				GCC_WARN_UNINITIALIZED_AUTOS = YES_AGGRESSIVE;
				GCC_WARN_UNUSED_FUNCTION = YES;
				GCC_WARN_UNUSED_VARIABLE = YES;
				IPHONEOS_DEPLOYMENT_TARGET = 16.1;
				MTL_ENABLE_DEBUG_INFO = NO;
				MTL_FAST_MATH = YES;
				SDKROOT = iphoneos;
				SWIFT_COMPILATION_MODE = wholemodule;
				SWIFT_OPTIMIZATION_LEVEL = "-O";
				VALIDATE_PRODUCT = YES;
			};
			name = Release;
		};
		1A32D6572931615B003BC189 /* Debug */ = {
			isa = XCBuildConfiguration;
			buildSettings = {
				ASSETCATALOG_COMPILER_APPICON_NAME = AppIcon;
				ASSETCATALOG_COMPILER_GLOBAL_ACCENT_COLOR_NAME = AccentColor;
				CODE_SIGN_STYLE = Automatic;
				CURRENT_PROJECT_VERSION = 1;
				DEVELOPMENT_ASSET_PATHS = "\"MovieSearch/Preview Content\"";
				DEVELOPMENT_TEAM = 8Y3GD7A447;
				ENABLE_PREVIEWS = YES;
				GENERATE_INFOPLIST_FILE = YES;
				INFOPLIST_KEY_UIApplicationSceneManifest_Generation = YES;
				INFOPLIST_KEY_UIApplicationSupportsIndirectInputEvents = YES;
				INFOPLIST_KEY_UILaunchScreen_Generation = YES;
				INFOPLIST_KEY_UISupportedInterfaceOrientations_iPad = "UIInterfaceOrientationPortrait UIInterfaceOrientationPortraitUpsideDown UIInterfaceOrientationLandscapeLeft UIInterfaceOrientationLandscapeRight";
				INFOPLIST_KEY_UISupportedInterfaceOrientations_iPhone = "UIInterfaceOrientationPortrait UIInterfaceOrientationLandscapeLeft UIInterfaceOrientationLandscapeRight";
				IPHONEOS_DEPLOYMENT_TARGET = 16.0;
				LD_RUNPATH_SEARCH_PATHS = (
					"$(inherited)",
					"@executable_path/Frameworks",
				);
				MARKETING_VERSION = 1.0;
				PRODUCT_BUNDLE_IDENTIFIER = com.jamesbuckley.MovieSearch;
				PRODUCT_NAME = "$(TARGET_NAME)";
				SWIFT_EMIT_LOC_STRINGS = YES;
				SWIFT_VERSION = 5.0;
				TARGETED_DEVICE_FAMILY = "1,2";
			};
			name = Debug;
		};
		1A32D6582931615B003BC189 /* Release */ = {
			isa = XCBuildConfiguration;
			buildSettings = {
				ASSETCATALOG_COMPILER_APPICON_NAME = AppIcon;
				ASSETCATALOG_COMPILER_GLOBAL_ACCENT_COLOR_NAME = AccentColor;
				CODE_SIGN_STYLE = Automatic;
				CURRENT_PROJECT_VERSION = 1;
				DEVELOPMENT_ASSET_PATHS = "\"MovieSearch/Preview Content\"";
				DEVELOPMENT_TEAM = 8Y3GD7A447;
				ENABLE_PREVIEWS = YES;
				GENERATE_INFOPLIST_FILE = YES;
				INFOPLIST_KEY_UIApplicationSceneManifest_Generation = YES;
				INFOPLIST_KEY_UIApplicationSupportsIndirectInputEvents = YES;
				INFOPLIST_KEY_UILaunchScreen_Generation = YES;
				INFOPLIST_KEY_UISupportedInterfaceOrientations_iPad = "UIInterfaceOrientationPortrait UIInterfaceOrientationPortraitUpsideDown UIInterfaceOrientationLandscapeLeft UIInterfaceOrientationLandscapeRight";
				INFOPLIST_KEY_UISupportedInterfaceOrientations_iPhone = "UIInterfaceOrientationPortrait UIInterfaceOrientationLandscapeLeft UIInterfaceOrientationLandscapeRight";
				IPHONEOS_DEPLOYMENT_TARGET = 16.0;
				LD_RUNPATH_SEARCH_PATHS = (
					"$(inherited)",
					"@executable_path/Frameworks",
				);
				MARKETING_VERSION = 1.0;
				PRODUCT_BUNDLE_IDENTIFIER = com.jamesbuckley.MovieSearch;
				PRODUCT_NAME = "$(TARGET_NAME)";
				SWIFT_EMIT_LOC_STRINGS = YES;
				SWIFT_VERSION = 5.0;
				TARGETED_DEVICE_FAMILY = "1,2";
			};
			name = Release;
		};
		1A32D65A2931615B003BC189 /* Debug */ = {
			isa = XCBuildConfiguration;
			buildSettings = {
				ALWAYS_EMBED_SWIFT_STANDARD_LIBRARIES = YES;
				BUNDLE_LOADER = "$(TEST_HOST)";
				CODE_SIGN_STYLE = Automatic;
				CURRENT_PROJECT_VERSION = 1;
				DEVELOPMENT_TEAM = 8Y3GD7A447;
				GENERATE_INFOPLIST_FILE = YES;
				IPHONEOS_DEPLOYMENT_TARGET = 16.1;
				MARKETING_VERSION = 1.0;
				PRODUCT_BUNDLE_IDENTIFIER = com.jamesbuckley.MovieSearchTests;
				PRODUCT_NAME = "$(TARGET_NAME)";
				SWIFT_EMIT_LOC_STRINGS = NO;
				SWIFT_VERSION = 5.0;
				TARGETED_DEVICE_FAMILY = "1,2";
				TEST_HOST = "$(BUILT_PRODUCTS_DIR)/MovieSearch.app/$(BUNDLE_EXECUTABLE_FOLDER_PATH)/MovieSearch";
			};
			name = Debug;
		};
		1A32D65B2931615B003BC189 /* Release */ = {
			isa = XCBuildConfiguration;
			buildSettings = {
				ALWAYS_EMBED_SWIFT_STANDARD_LIBRARIES = YES;
				BUNDLE_LOADER = "$(TEST_HOST)";
				CODE_SIGN_STYLE = Automatic;
				CURRENT_PROJECT_VERSION = 1;
				DEVELOPMENT_TEAM = 8Y3GD7A447;
				GENERATE_INFOPLIST_FILE = YES;
				IPHONEOS_DEPLOYMENT_TARGET = 16.1;
				MARKETING_VERSION = 1.0;
				PRODUCT_BUNDLE_IDENTIFIER = com.jamesbuckley.MovieSearchTests;
				PRODUCT_NAME = "$(TARGET_NAME)";
				SWIFT_EMIT_LOC_STRINGS = NO;
				SWIFT_VERSION = 5.0;
				TARGETED_DEVICE_FAMILY = "1,2";
				TEST_HOST = "$(BUILT_PRODUCTS_DIR)/MovieSearch.app/$(BUNDLE_EXECUTABLE_FOLDER_PATH)/MovieSearch";
			};
			name = Release;
		};
		1A32D65D2931615B003BC189 /* Debug */ = {
			isa = XCBuildConfiguration;
			buildSettings = {
				ALWAYS_EMBED_SWIFT_STANDARD_LIBRARIES = YES;
				CODE_SIGN_STYLE = Automatic;
				CURRENT_PROJECT_VERSION = 1;
				DEVELOPMENT_TEAM = 8Y3GD7A447;
				GENERATE_INFOPLIST_FILE = YES;
				MARKETING_VERSION = 1.0;
				PRODUCT_BUNDLE_IDENTIFIER = com.jamesbuckley.MovieSearchUITests;
				PRODUCT_NAME = "$(TARGET_NAME)";
				SWIFT_EMIT_LOC_STRINGS = NO;
				SWIFT_VERSION = 5.0;
				TARGETED_DEVICE_FAMILY = "1,2";
				TEST_TARGET_NAME = MovieSearch;
			};
			name = Debug;
		};
		1A32D65E2931615B003BC189 /* Release */ = {
			isa = XCBuildConfiguration;
			buildSettings = {
				ALWAYS_EMBED_SWIFT_STANDARD_LIBRARIES = YES;
				CODE_SIGN_STYLE = Automatic;
				CURRENT_PROJECT_VERSION = 1;
				DEVELOPMENT_TEAM = 8Y3GD7A447;
				GENERATE_INFOPLIST_FILE = YES;
				MARKETING_VERSION = 1.0;
				PRODUCT_BUNDLE_IDENTIFIER = com.jamesbuckley.MovieSearchUITests;
				PRODUCT_NAME = "$(TARGET_NAME)";
				SWIFT_EMIT_LOC_STRINGS = NO;
				SWIFT_VERSION = 5.0;
				TARGETED_DEVICE_FAMILY = "1,2";
				TEST_TARGET_NAME = MovieSearch;
			};
			name = Release;
		};
/* End XCBuildConfiguration section */

/* Begin XCConfigurationList section */
		1A32D62D29316158003BC189 /* Build configuration list for PBXProject "MovieSearch" */ = {
			isa = XCConfigurationList;
			buildConfigurations = (
				1A32D6542931615B003BC189 /* Debug */,
				1A32D6552931615B003BC189 /* Release */,
			);
			defaultConfigurationIsVisible = 0;
			defaultConfigurationName = Release;
		};
		1A32D6562931615B003BC189 /* Build configuration list for PBXNativeTarget "MovieSearch" */ = {
			isa = XCConfigurationList;
			buildConfigurations = (
				1A32D6572931615B003BC189 /* Debug */,
				1A32D6582931615B003BC189 /* Release */,
			);
			defaultConfigurationIsVisible = 0;
			defaultConfigurationName = Release;
		};
		1A32D6592931615B003BC189 /* Build configuration list for PBXNativeTarget "MovieSearchTests" */ = {
			isa = XCConfigurationList;
			buildConfigurations = (
				1A32D65A2931615B003BC189 /* Debug */,
				1A32D65B2931615B003BC189 /* Release */,
			);
			defaultConfigurationIsVisible = 0;
			defaultConfigurationName = Release;
		};
		1A32D65C2931615B003BC189 /* Build configuration list for PBXNativeTarget "MovieSearchUITests" */ = {
			isa = XCConfigurationList;
			buildConfigurations = (
				1A32D65D2931615B003BC189 /* Debug */,
				1A32D65E2931615B003BC189 /* Release */,
			);
			defaultConfigurationIsVisible = 0;
			defaultConfigurationName = Release;
		};
/* End XCConfigurationList section */
	};
	rootObject = 1A32D62A29316158003BC189 /* Project object */;
}
